# THIS IS AN AUTOGENERATED FILE. DO NOT EDIT THIS FILE DIRECTLY.
# yarn lockfile v1


class-to-classname@^1.0.1:
  version "1.0.1"
  resolved "https://registry.yarnpkg.com/class-to-classname/-/class-to-classname-1.0.1.tgz#bdcdd839526381313dc112d43cac14d86c2516ea"
  integrity sha1-vc3YOVJjgTE9wRLUPKwU2GwlFuo=
